PODS:
  - Alamofire (5.4.1)
  - JGProgressHUD (2.2)

DEPENDENCIES:
  - Alamofire (~> 5.2)
  - JGProgressHUD

SPEC REPOS:
  trunk:
    - Alamofire
    - JGProgressHUD

SPEC CHECKSUMS:
  Alamofire: 2291f7d21ca607c491dd17642e5d40fdcda0e65c
  JGProgressHUD: d83d7a981b85d11205e19ff8ad5bb9c40571c847

PODFILE CHECKSUM: f9fb9f281fe1dc3f8bbd72f0d586b91bba9d5640

COCOAPODS: 1.9.1
